
Microsoft Visual Studio Solution File, Format Version 12.00
# Visual Studio Version 17
VisualStudioVersion = 17.2.32526.322
MinimumVisualStudioVersion = 10.0.40219.1
Project("{FAE04EC0-301F-11D3-BF4B-00C04F79EFBC}") = "my-books", "my-books\my-books.csproj", "{EE8DBF41-15A9-4A0D-8525-1028450FB8C8}"
EndProject
Global
	GlobalSection(SolutionConfigurationPlatforms) = preSolution
		Debug|Any CPU = Debug|Any CPU
		Release|Any CPU = Release|Any CPU
	EndGlobalSection
	GlobalSection(ProjectConfigurationPlatforms) = postSolution
		{EE8DBF41-15A9-4A0D-8525-1028450FB8C8}.Debug|Any CPU.ActiveCfg = Debug|Any CPU
		{EE8DBF41-15A9-4A0D-8525-1028450FB8C8}.Debug|Any CPU.Build.0 = Debug|Any CPU
		{EE8DBF41-15A9-4A0D-8525-1028450FB8C8}.Release|Any CPU.ActiveCfg = Release|Any CPU
		{EE8DBF41-15A9-4A0D-8525-1028450FB8C8}.Release|Any CPU.Build.0 = Release|Any CPU
	EndGlobalSection
	GlobalSection(SolutionProperties) = preSolution
		HideSolutionNode = FALSE
	EndGlobalSection
	GlobalSection(ExtensibilityGlobals) = postSolution
		SolutionGuid = {9374262B-148C-4F2F-9A36-A56CE9699E72}
	EndGlobalSection
EndGlobal
